
Microsoft Visual Studio Solution File, Format Version 12.00
# Visual Studio Version 16
VisualStudioVersion = 16.0.30413.136
MinimumVisualStudioVersion = 10.0.40219.1
Project("{FAE04EC0-301F-11D3-BF4B-00C04F79EFBC}") = "EmployeePayrollProblem-RestSharp", "EmployeePayrollProblem-RestSharp\EmployeePayrollProblem-RestSharp.csproj", "{F709FD9E-0C72-49D6-B98D-D903E12A073C}"
EndProject
Global
	GlobalSection(SolutionConfigurationPlatforms) = preSolution
		Debug|Any CPU = Debug|Any CPU
		Release|Any CPU = Release|Any CPU
	EndGlobalSection
	GlobalSection(ProjectConfigurationPlatforms) = postSolution
		{F709FD9E-0C72-49D6-B98D-D903E12A073C}.Debug|Any CPU.ActiveCfg = Debug|Any CPU
		{F709FD9E-0C72-49D6-B98D-D903E12A073C}.Debug|Any CPU.Build.0 = Debug|Any CPU
		{F709FD9E-0C72-49D6-B98D-D903E12A073C}.Release|Any CPU.ActiveCfg = Release|Any CPU
		{F709FD9E-0C72-49D6-B98D-D903E12A073C}.Release|Any CPU.Build.0 = Release|Any CPU
	EndGlobalSection
	GlobalSection(SolutionProperties) = preSolution
		HideSolutionNode = FALSE
	EndGlobalSection
	GlobalSection(ExtensibilityGlobals) = postSolution
		SolutionGuid = {091D2E3E-F8EF-4FA8-B672-7A7932803CC7}
	EndGlobalSection
EndGlobal
